
Microsoft Visual Studio Solution File, Format Version 12.00
# Visual Studio Version 17
VisualStudioVersion = 17.0.31903.59
MinimumVisualStudioVersion = 10.0.40219.1
Project("{2150E333-8FDC-42A3-9474-1A3956D46DE8}") = "src", "src", "{827E0CD3-B72D-47B6-A68D-7590B98EB39B}"
EndProject
Project("{FAE04EC0-301F-11D3-BF4B-00C04F79EFBC}") = "LocalAIEmailCleaner.Domain", "src\LocalAIEmailCleaner.Domain\LocalAIEmailCleaner.Domain.csproj", "{7AABD0AB-9E43-4A3C-9FC7-F33662E793AB}"
EndProject
Project("{FAE04EC0-301F-11D3-BF4B-00C04F79EFBC}") = "LocalAIEmailCleaner.Contracts", "src\LocalAIEmailCleaner.Contracts\LocalAIEmailCleaner.Contracts.csproj", "{3E559181-7D41-42E7-BC8D-564D1117A9F2}"
EndProject
Project("{FAE04EC0-301F-11D3-BF4B-00C04F79EFBC}") = "LocalAIEmailCleaner.Application", "src\LocalAIEmailCleaner.Application\LocalAIEmailCleaner.Application.csproj", "{EF341338-F6F3-482A-B609-E5D4DB1F2151}"
EndProject
Project("{FAE04EC0-301F-11D3-BF4B-00C04F79EFBC}") = "LocalAIEmailCleaner.Infrastructure", "src\LocalAIEmailCleaner.Infrastructure\LocalAIEmailCleaner.Infrastructure.csproj", "{EB780282-668B-4B74-8E55-E385CAA09587}"
EndProject
Project("{FAE04EC0-301F-11D3-BF4B-00C04F79EFBC}") = "LocalAIEmailCleaner.Api", "src\LocalAIEmailCleaner.Api\LocalAIEmailCleaner.Api.csproj", "{6331AB68-46F4-4690-AF0D-98715F574061}"
EndProject
Project("{2150E333-8FDC-42A3-9474-1A3956D46DE8}") = "tests", "tests", "{0AB3BF05-4346-4AA6-1389-037BE0695223}"
EndProject
Project("{FAE04EC0-301F-11D3-BF4B-00C04F79EFBC}") = "LocalAIEmailCleaner.UnitTests", "tests\LocalAIEmailCleaner.UnitTests\LocalAIEmailCleaner.UnitTests.csproj", "{9DA2D640-E099-4454-AD4E-4CDA6A296759}"
EndProject
Project("{FAE04EC0-301F-11D3-BF4B-00C04F79EFBC}") = "LocalAIEmailCleaner.IntegrationTests", "tests\LocalAIEmailCleaner.IntegrationTests\LocalAIEmailCleaner.IntegrationTests.csproj", "{9BECCF3B-CBBE-48FE-BC46-514E7AF987E3}"
EndProject
Global
	GlobalSection(SolutionConfigurationPlatforms) = preSolution
		Debug|Any CPU = Debug|Any CPU
		Debug|x64 = Debug|x64
		Debug|x86 = Debug|x86
		Release|Any CPU = Release|Any CPU
		Release|x64 = Release|x64
		Release|x86 = Release|x86
	EndGlobalSection
	GlobalSection(ProjectConfigurationPlatforms) = postSolution
		{7AABD0AB-9E43-4A3C-9FC7-F33662E793AB}.Debug|Any CPU.ActiveCfg = Debug|Any CPU
		{7AABD0AB-9E43-4A3C-9FC7-F33662E793AB}.Debug|Any CPU.Build.0 = Debug|Any CPU
		{7AABD0AB-9E43-4A3C-9FC7-F33662E793AB}.Debug|x64.ActiveCfg = Debug|Any CPU
		{7AABD0AB-9E43-4A3C-9FC7-F33662E793AB}.Debug|x64.Build.0 = Debug|Any CPU
		{7AABD0AB-9E43-4A3C-9FC7-F33662E793AB}.Debug|x86.ActiveCfg = Debug|Any CPU
		{7AABD0AB-9E43-4A3C-9FC7-F33662E793AB}.Debug|x86.Build.0 = Debug|Any CPU
		{7AABD0AB-9E43-4A3C-9FC7-F33662E793AB}.Release|Any CPU.ActiveCfg = Release|Any CPU
		{7AABD0AB-9E43-4A3C-9FC7-F33662E793AB}.Release|Any CPU.Build.0 = Release|Any CPU
		{7AABD0AB-9E43-4A3C-9FC7-F33662E793AB}.Release|x64.ActiveCfg = Release|Any CPU
		{7AABD0AB-9E43-4A3C-9FC7-F33662E793AB}.Release|x64.Build.0 = Release|Any CPU
		{7AABD0AB-9E43-4A3C-9FC7-F33662E793AB}.Release|x86.ActiveCfg = Release|Any CPU
		{7AABD0AB-9E43-4A3C-9FC7-F33662E793AB}.Release|x86.Build.0 = Release|Any CPU
		{3E559181-7D41-42E7-BC8D-564D1117A9F2}.Debug|Any CPU.ActiveCfg = Debug|Any CPU
		{3E559181-7D41-42E7-BC8D-564D1117A9F2}.Debug|Any CPU.Build.0 = Debug|Any CPU
		{3E559181-7D41-42E7-BC8D-564D1117A9F2}.Debug|x64.ActiveCfg = Debug|Any CPU
		{3E559181-7D41-42E7-BC8D-564D1117A9F2}.Debug|x64.Build.0 = Debug|Any CPU
		{3E559181-7D41-42E7-BC8D-564D1117A9F2}.Debug|x86.ActiveCfg = Debug|Any CPU
		{3E559181-7D41-42E7-BC8D-564D1117A9F2}.Debug|x86.Build.0 = Debug|Any CPU
		{3E559181-7D41-42E7-BC8D-564D1117A9F2}.Release|Any CPU.ActiveCfg = Release|Any CPU
		{3E559181-7D41-42E7-BC8D-564D1117A9F2}.Release|Any CPU.Build.0 = Release|Any CPU
		{3E559181-7D41-42E7-BC8D-564D1117A9F2}.Release|x64.ActiveCfg = Release|Any CPU
		{3E559181-7D41-42E7-BC8D-564D1117A9F2}.Release|x64.Build.0 = Release|Any CPU
		{3E559181-7D41-42E7-BC8D-564D1117A9F2}.Release|x86.ActiveCfg = Release|Any CPU
		{3E559181-7D41-42E7-BC8D-564D1117A9F2}.Release|x86.Build.0 = Release|Any CPU
		{EF341338-F6F3-482A-B609-E5D4DB1F2151}.Debug|Any CPU.ActiveCfg = Debug|Any CPU
		{EF341338-F6F3-482A-B609-E5D4DB1F2151}.Debug|Any CPU.Build.0 = Debug|Any CPU
		{EF341338-F6F3-482A-B609-E5D4DB1F2151}.Debug|x64.ActiveCfg = Debug|Any CPU
		{EF341338-F6F3-482A-B609-E5D4DB1F2151}.Debug|x64.Build.0 = Debug|Any CPU
		{EF341338-F6F3-482A-B609-E5D4DB1F2151}.Debug|x86.ActiveCfg = Debug|Any CPU
		{EF341338-F6F3-482A-B609-E5D4DB1F2151}.Debug|x86.Build.0 = Debug|Any CPU
		{EF341338-F6F3-482A-B609-E5D4DB1F2151}.Release|Any CPU.ActiveCfg = Release|Any CPU
		{EF341338-F6F3-482A-B609-E5D4DB1F2151}.Release|Any CPU.Build.0 = Release|Any CPU
		{EF341338-F6F3-482A-B609-E5D4DB1F2151}.Release|x64.ActiveCfg = Release|Any CPU
		{EF341338-F6F3-482A-B609-E5D4DB1F2151}.Release|x64.Build.0 = Release|Any CPU
		{EF341338-F6F3-482A-B609-E5D4DB1F2151}.Release|x86.ActiveCfg = Release|Any CPU
		{EF341338-F6F3-482A-B609-E5D4DB1F2151}.Release|x86.Build.0 = Release|Any CPU
		{EB780282-668B-4B74-8E55-E385CAA09587}.Debug|Any CPU.ActiveCfg = Debug|Any CPU
		{EB780282-668B-4B74-8E55-E385CAA09587}.Debug|Any CPU.Build.0 = Debug|Any CPU
		{EB780282-668B-4B74-8E55-E385CAA09587}.Debug|x64.ActiveCfg = Debug|Any CPU
		{EB780282-668B-4B74-8E55-E385CAA09587}.Debug|x64.Build.0 = Debug|Any CPU
		{EB780282-668B-4B74-8E55-E385CAA09587}.Debug|x86.ActiveCfg = Debug|Any CPU
		{EB780282-668B-4B74-8E55-E385CAA09587}.Debug|x86.Build.0 = Debug|Any CPU
		{EB780282-668B-4B74-8E55-E385CAA09587}.Release|Any CPU.ActiveCfg = Release|Any CPU
		{EB780282-668B-4B74-8E55-E385CAA09587}.Release|Any CPU.Build.0 = Release|Any CPU
		{EB780282-668B-4B74-8E55-E385CAA09587}.Release|x64.ActiveCfg = Release|Any CPU
		{EB780282-668B-4B74-8E55-E385CAA09587}.Release|x64.Build.0 = Release|Any CPU
		{EB780282-668B-4B74-8E55-E385CAA09587}.Release|x86.ActiveCfg = Release|Any CPU
		{EB780282-668B-4B74-8E55-E385CAA09587}.Release|x86.Build.0 = Release|Any CPU
		{6331AB68-46F4-4690-AF0D-98715F574061}.Debug|Any CPU.ActiveCfg = Debug|Any CPU
		{6331AB68-46F4-4690-AF0D-98715F574061}.Debug|Any CPU.Build.0 = Debug|Any CPU
		{6331AB68-46F4-4690-AF0D-98715F574061}.Debug|x64.ActiveCfg = Debug|Any CPU
		{6331AB68-46F4-4690-AF0D-98715F574061}.Debug|x64.Build.0 = Debug|Any CPU
		{6331AB68-46F4-4690-AF0D-98715F574061}.Debug|x86.ActiveCfg = Debug|Any CPU
		{6331AB68-46F4-4690-AF0D-98715F574061}.Debug|x86.Build.0 = Debug|Any CPU
		{6331AB68-46F4-4690-AF0D-98715F574061}.Release|Any CPU.ActiveCfg = Release|Any CPU
		{6331AB68-46F4-4690-AF0D-98715F574061}.Release|Any CPU.Build.0 = Release|Any CPU
		{6331AB68-46F4-4690-AF0D-98715F574061}.Release|x64.ActiveCfg = Release|Any CPU
		{6331AB68-46F4-4690-AF0D-98715F574061}.Release|x64.Build.0 = Release|Any CPU
		{6331AB68-46F4-4690-AF0D-98715F574061}.Release|x86.ActiveCfg = Release|Any CPU
		{6331AB68-46F4-4690-AF0D-98715F574061}.Release|x86.Build.0 = Release|Any CPU
		{9DA2D640-E099-4454-AD4E-4CDA6A296759}.Debug|Any CPU.ActiveCfg = Debug|Any CPU
		{9DA2D640-E099-4454-AD4E-4CDA6A296759}.Debug|Any CPU.Build.0 = Debug|Any CPU
		{9DA2D640-E099-4454-AD4E-4CDA6A296759}.Debug|x64.ActiveCfg = Debug|Any CPU
		{9DA2D640-E099-4454-AD4E-4CDA6A296759}.Debug|x64.Build.0 = Debug|Any CPU
		{9DA2D640-E099-4454-AD4E-4CDA6A296759}.Debug|x86.ActiveCfg = Debug|Any CPU
		{9DA2D640-E099-4454-AD4E-4CDA6A296759}.Debug|x86.Build.0 = Debug|Any CPU
		{9DA2D640-E099-4454-AD4E-4CDA6A296759}.Release|Any CPU.ActiveCfg = Release|Any CPU
		{9DA2D640-E099-4454-AD4E-4CDA6A296759}.Release|Any CPU.Build.0 = Release|Any CPU
		{9DA2D640-E099-4454-AD4E-4CDA6A296759}.Release|x64.ActiveCfg = Release|Any CPU
		{9DA2D640-E099-4454-AD4E-4CDA6A296759}.Release|x64.Build.0 = Release|Any CPU
		{9DA2D640-E099-4454-AD4E-4CDA6A296759}.Release|x86.ActiveCfg = Release|Any CPU
		{9DA2D640-E099-4454-AD4E-4CDA6A296759}.Release|x86.Build.0 = Release|Any CPU
		{9BECCF3B-CBBE-48FE-BC46-514E7AF987E3}.Debug|Any CPU.ActiveCfg = Debug|Any CPU
		{9BECCF3B-CBBE-48FE-BC46-514E7AF987E3}.Debug|Any CPU.Build.0 = Debug|Any CPU
		{9BECCF3B-CBBE-48FE-BC46-514E7AF987E3}.Debug|x64.ActiveCfg = Debug|Any CPU
		{9BECCF3B-CBBE-48FE-BC46-514E7AF987E3}.Debug|x64.Build.0 = Debug|Any CPU
		{9BECCF3B-CBBE-48FE-BC46-514E7AF987E3}.Debug|x86.ActiveCfg = Debug|Any CPU
		{9BECCF3B-CBBE-48FE-BC46-514E7AF987E3}.Debug|x86.Build.0 = Debug|Any CPU
		{9BECCF3B-CBBE-48FE-BC46-514E7AF987E3}.Release|Any CPU.ActiveCfg = Release|Any CPU
		{9BECCF3B-CBBE-48FE-BC46-514E7AF987E3}.Release|Any CPU.Build.0 = Release|Any CPU
		{9BECCF3B-CBBE-48FE-BC46-514E7AF987E3}.Release|x64.ActiveCfg = Release|Any CPU
		{9BECCF3B-CBBE-48FE-BC46-514E7AF987E3}.Release|x64.Build.0 = Release|Any CPU
		{9BECCF3B-CBBE-48FE-BC46-514E7AF987E3}.Release|x86.ActiveCfg = Release|Any CPU
		{9BECCF3B-CBBE-48FE-BC46-514E7AF987E3}.Release|x86.Build.0 = Release|Any CPU
	EndGlobalSection
	GlobalSection(SolutionProperties) = preSolution
		HideSolutionNode = FALSE
	EndGlobalSection
	GlobalSection(NestedProjects) = preSolution
		{7AABD0AB-9E43-4A3C-9FC7-F33662E793AB} = {827E0CD3-B72D-47B6-A68D-7590B98EB39B}
		{3E559181-7D41-42E7-BC8D-564D1117A9F2} = {827E0CD3-B72D-47B6-A68D-7590B98EB39B}
		{EF341338-F6F3-482A-B609-E5D4DB1F2151} = {827E0CD3-B72D-47B6-A68D-7590B98EB39B}
		{EB780282-668B-4B74-8E55-E385CAA09587} = {827E0CD3-B72D-47B6-A68D-7590B98EB39B}
		{6331AB68-46F4-4690-AF0D-98715F574061} = {827E0CD3-B72D-47B6-A68D-7590B98EB39B}
		{9DA2D640-E099-4454-AD4E-4CDA6A296759} = {0AB3BF05-4346-4AA6-1389-037BE0695223}
		{9BECCF3B-CBBE-48FE-BC46-514E7AF987E3} = {0AB3BF05-4346-4AA6-1389-037BE0695223}
	EndGlobalSection
EndGlobal
